
Microsoft Visual Studio Solution File, Format Version 12.00
# Visual Studio Version 17
VisualStudioVersion = 17.8.34330.188
MinimumVisualStudioVersion = 10.0.40219.1
Project("{FAE04EC0-301F-11D3-BF4B-00C04F79EFBC}") = "IPC Installer", "IPC Installer.csproj", "{F612DCBD-D69B-436E-870F-0E47D080A95E}"
EndProject
Global
	GlobalSection(SolutionConfigurationPlatforms) = preSolution
		Debug|Any CPU = Debug|Any CPU
		Release|Any CPU = Release|Any CPU
	EndGlobalSection
	GlobalSection(ProjectConfigurationPlatforms) = postSolution
		{F612DCBD-D69B-436E-870F-0E47D080A95E}.Debug|Any CPU.ActiveCfg = Debug|Any CPU
		{F612DCBD-D69B-436E-870F-0E47D080A95E}.Debug|Any CPU.Build.0 = Debug|Any CPU
		{F612DCBD-D69B-436E-870F-0E47D080A95E}.Release|Any CPU.ActiveCfg = Release|Any CPU
		{F612DCBD-D69B-436E-870F-0E47D080A95E}.Release|Any CPU.Build.0 = Release|Any CPU
	EndGlobalSection
	GlobalSection(SolutionProperties) = preSolution
		HideSolutionNode = FALSE
	EndGlobalSection
	GlobalSection(ExtensibilityGlobals) = postSolution
		SolutionGuid = {06ECC212-C800-4631-80A3-E596E5CD479C}
	EndGlobalSection
EndGlobal
